{
    "_meta": {
        "hash": {
            "sha256": "00081c8495bc04b2a9278d7c2ac5510997f8a680bdf0863bf27ef86fdda65afb"
        },
        "pipfile-spec": 6,
        "requires": {
            "python_version": "2.7"
        },
        "sources": [
            {
                "name": "pypi",
                "url": "https://pypi.org/simple",
                "verify_ssl": true
            }
        ]
    },
    "default": {
        "pyside2": {
            "hashes": [
                "sha256:0b639055ed1d322142e3ce0a6ccad34e861a7166b61d3b37182193984b316a0e",
                "sha256:0ba1ed679ef6362223136d0361f5f2b356a88001accb5a3dac6f72f1ac5e5624",
                "sha256:11d5064162d41bd59176ae9ddb3e4bfb48f236aea1ba8fe4b6185735e019869e",
                "sha256:70c260bf7bff78091665cbb4230b87441eda1ae0cc7dcb3fe961b1b64538ad6f",
                "sha256:97f919733e060c5a1f2dd6af8cb542272eb1e32af6a81f1639b2b8960baafc31",
                "sha256:b3cdb4e65674cdafd74222501ddfd0d831526e247f85231aa4ed43bdfb27aeca"
            ],
            "index": "pypi",
            "version": "==5.12.2"
        },
        "shiboken2": {
            "hashes": [
                "sha256:042323f03910c8fec32bd94221f72f951521ab5ca9568f780ca5d52d39e2d997",
                "sha256:1572ee14e4670980815b875d05fa7db6aabba9ea47dc00a236bb09c85afb039b",
                "sha256:1ee2d5865e5a19091df8e86b88c352ee643629aede0b4532ae05efba2e5bd2c2",
                "sha256:7fb5f8fce3ab5a6186f80ad99f0c5ad67ed8c600185bdec5f9821a948daa3502",
                "sha256:f60b9868ab959e73c756af8ffb4c7f2c3bd29ada55921ea7ddd059e01acedd4a",
                "sha256:ff8736e7816823333306824adce2910ea1f7d78e3ef216fc887896db47d01e60"
            ],
            "version": "==5.12.2"
        }
    },
    "develop": {
        "autopep8": {
            "hashes": [
                "sha256:276ced7e9e3cb22e5d7c14748384a5cf5d9002257c0ed50c0e075b68011bb6d0",
                "sha256:aa213493c30dcdac99537249ee65b24af0b2c29f2e83cd8b3f68760441ed0db9"
            ],
            "index": "pypi",
            "version": "==1.5.7"
        },
        "pycodestyle": {
            "hashes": [
                "sha256:514f76d918fcc0b55c6680472f0a37970994e07bbb80725808c17089be302068",
                "sha256:c389c1d06bf7904078ca03399a4816f974a1d590090fecea0c63ec26ebaf1cef"
            ],
            "markers": "python_version >= '2.7' and python_version not in '3.0, 3.1, 3.2, 3.3'",
            "version": "==2.7.0"
        },
        "toml": {
            "hashes": [
                "sha256:806143ae5bfb6a3c6e736a764057db0e6a0e05e338b5630894a5f779cabb4f9b",
                "sha256:b3bda1d108d5dd99f4a20d24d9c348e91c4db7ab1b749200bded2f839ccbe68f"
            ],
            "markers": "python_version >= '2.6' and python_version not in '3.0, 3.1, 3.2, 3.3'",
            "version": "==0.10.2"
        }
    }
}
